
Microsoft Visual Studio Solution File, Format Version 12.00
# Visual Studio Version 17
VisualStudioVersion = 17.9.34902.65
MinimumVisualStudioVersion = 10.0.40219.1
Project("{54A90642-561A-4BB1-A94E-469ADEE60C69}") = "juris_chess_sanctuary_frontend", "juris_chess_sanctuary_frontend.esproj", "{08220ADD-0648-4183-9183-774C4C82C9E8}"
EndProject
Global
	GlobalSection(SolutionConfigurationPlatforms) = preSolution
		Debug|Any CPU = Debug|Any CPU
		Release|Any CPU = Release|Any CPU
	EndGlobalSection
	GlobalSection(ProjectConfigurationPlatforms) = postSolution
		{08220ADD-0648-4183-9183-774C4C82C9E8}.Debug|Any CPU.ActiveCfg = Debug|Any CPU
		{08220ADD-0648-4183-9183-774C4C82C9E8}.Debug|Any CPU.Build.0 = Debug|Any CPU
		{08220ADD-0648-4183-9183-774C4C82C9E8}.Debug|Any CPU.Deploy.0 = Debug|Any CPU
		{08220ADD-0648-4183-9183-774C4C82C9E8}.Release|Any CPU.ActiveCfg = Release|Any CPU
		{08220ADD-0648-4183-9183-774C4C82C9E8}.Release|Any CPU.Build.0 = Release|Any CPU
		{08220ADD-0648-4183-9183-774C4C82C9E8}.Release|Any CPU.Deploy.0 = Release|Any CPU
	EndGlobalSection
	GlobalSection(SolutionProperties) = preSolution
		HideSolutionNode = FALSE
	EndGlobalSection
	GlobalSection(ExtensibilityGlobals) = postSolution
		SolutionGuid = {9F5A638D-6563-4D0D-A124-B75E504ED801}
	EndGlobalSection
EndGlobal
